// !$*UTF8*$!
{
	archiveVersion = 1;
	classes = {
	};
	objectVersion = 56;
	objects = {

/* Begin PBXBuildFile section */
		9F0BA3EC28F695C500E09DB0 /* Word.swift in Sources */ = {isa = PBXBuildFile; fileRef = 9F0BA3EB28F695C500E09DB0 /* Word.swift */; };
		9F0BA3F428F93D2D00E09DB0 /* WordDetailLabel.swift in Sources */ = {isa = PBXBuildFile; fileRef = 9F0BA3F328F93D2D00E09DB0 /* WordDetailLabel.swift */; };
		9F5B07E228EBE4D900F6ED0F /* AppDelegate.swift in Sources */ = {isa = PBXBuildFile; fileRef = 9F5B07E128EBE4D900F6ED0F /* AppDelegate.swift */; };
		9F5B07E428EBE4D900F6ED0F /* SceneDelegate.swift in Sources */ = {isa = PBXBuildFile; fileRef = 9F5B07E328EBE4D900F6ED0F /* SceneDelegate.swift */; };
		9F5B07E628EBE4D900F6ED0F /* WordViewController.swift in Sources */ = {isa = PBXBuildFile; fileRef = 9F5B07E528EBE4D900F6ED0F /* WordViewController.swift */; };
		9F5B07EB28EBE4DA00F6ED0F /* Assets.xcassets in Resources */ = {isa = PBXBuildFile; fileRef = 9F5B07EA28EBE4DA00F6ED0F /* Assets.xcassets */; };
		9F5B07EE28EBE4DA00F6ED0F /* LaunchScreen.storyboard in Resources */ = {isa = PBXBuildFile; fileRef = 9F5B07EC28EBE4DA00F6ED0F /* LaunchScreen.storyboard */; };
		9F986C5728EC07310083A6FD /* WordCell.swift in Sources */ = {isa = PBXBuildFile; fileRef = 9F986C5628EC07310083A6FD /* WordCell.swift */; };
		9FA8CB9128FBBE6900502831 /* UIView+Ext.swift in Sources */ = {isa = PBXBuildFile; fileRef = 9FA8CB9028FBBE6900502831 /* UIView+Ext.swift */; };
		9FA8CB9428FC9E0A00502831 /* NetworkManager.swift in Sources */ = {isa = PBXBuildFile; fileRef = 9FA8CB9328FC9E0A00502831 /* NetworkManager.swift */; };
		9FA8CB9628FCA4C200502831 /* UIViewController+Ext.swift in Sources */ = {isa = PBXBuildFile; fileRef = 9FA8CB9528FCA4C200502831 /* UIViewController+Ext.swift */; };
		9FA8CBAB28FCCFBE00502831 /* Rubik-VariableFont_wght.ttf in Resources */ = {isa = PBXBuildFile; fileRef = 9FA8CB9828FCCFBE00502831 /* Rubik-VariableFont_wght.ttf */; };
		9FA8CBAC28FCCFBE00502831 /* Rubik-Italic-VariableFont_wght.ttf in Resources */ = {isa = PBXBuildFile; fileRef = 9FA8CB9928FCCFBE00502831 /* Rubik-Italic-VariableFont_wght.ttf */; };
		9FA8CBAE28FCCFBE00502831 /* Rubik-Bold.ttf in Resources */ = {isa = PBXBuildFile; fileRef = 9FA8CB9C28FCCFBE00502831 /* Rubik-Bold.ttf */; };
		9FA8CBB428FCCFBE00502831 /* Rubik-Italic.ttf in Resources */ = {isa = PBXBuildFile; fileRef = 9FA8CBA228FCCFBE00502831 /* Rubik-Italic.ttf */; };
		9FA8CBB928FCCFBE00502831 /* Rubik-Regular.ttf in Resources */ = {isa = PBXBuildFile; fileRef = 9FA8CBA728FCCFBE00502831 /* Rubik-Regular.ttf */; };
		9FE8EF8C28F63E2F00DA0893 /* WordDetailViewController.swift in Sources */ = {isa = PBXBuildFile; fileRef = 9FE8EF8B28F63E2F00DA0893 /* WordDetailViewController.swift */; };
/* End PBXBuildFile section */

/* Begin PBXFileReference section */
		9F0BA3EB28F695C500E09DB0 /* Word.swift */ = {isa = PBXFileReference; lastKnownFileType = sourcecode.swift; path = Word.swift; sourceTree = "<group>"; };
		9F0BA3F328F93D2D00E09DB0 /* WordDetailLabel.swift */ = {isa = PBXFileReference; lastKnownFileType = sourcecode.swift; path = WordDetailLabel.swift; sourceTree = "<group>"; };
		9F5B07DE28EBE4D900F6ED0F /* Werdd.app */ = {isa = PBXFileReference; explicitFileType = wrapper.application; includeInIndex = 0; path = Werdd.app; sourceTree = BUILT_PRODUCTS_DIR; };
		9F5B07E128EBE4D900F6ED0F /* AppDelegate.swift */ = {isa = PBXFileReference; lastKnownFileType = sourcecode.swift; path = AppDelegate.swift; sourceTree = "<group>"; };
		9F5B07E328EBE4D900F6ED0F /* SceneDelegate.swift */ = {isa = PBXFileReference; lastKnownFileType = sourcecode.swift; path = SceneDelegate.swift; sourceTree = "<group>"; };
		9F5B07E528EBE4D900F6ED0F /* WordViewController.swift */ = {isa = PBXFileReference; lastKnownFileType = sourcecode.swift; path = WordViewController.swift; sourceTree = "<group>"; };
		9F5B07EA28EBE4DA00F6ED0F /* Assets.xcassets */ = {isa = PBXFileReference; lastKnownFileType = folder.assetcatalog; path = Assets.xcassets; sourceTree = "<group>"; };
		9F5B07ED28EBE4DA00F6ED0F /* Base */ = {isa = PBXFileReference; lastKnownFileType = file.storyboard; name = Base; path = Base.lproj/LaunchScreen.storyboard; sourceTree = "<group>"; };
		9F5B07EF28EBE4DA00F6ED0F /* Info.plist */ = {isa = PBXFileReference; lastKnownFileType = text.plist.xml; path = Info.plist; sourceTree = "<group>"; };
		9F986C5628EC07310083A6FD /* WordCell.swift */ = {isa = PBXFileReference; lastKnownFileType = sourcecode.swift; path = WordCell.swift; sourceTree = "<group>"; };
		9FA8CB9028FBBE6900502831 /* UIView+Ext.swift */ = {isa = PBXFileReference; lastKnownFileType = sourcecode.swift; path = "UIView+Ext.swift"; sourceTree = "<group>"; };
		9FA8CB9328FC9E0A00502831 /* NetworkManager.swift */ = {isa = PBXFileReference; lastKnownFileType = sourcecode.swift; path = NetworkManager.swift; sourceTree = "<group>"; };
		9FA8CB9528FCA4C200502831 /* UIViewController+Ext.swift */ = {isa = PBXFileReference; lastKnownFileType = sourcecode.swift; path = "UIViewController+Ext.swift"; sourceTree = "<group>"; };
		9FA8CB9828FCCFBE00502831 /* Rubik-VariableFont_wght.ttf */ = {isa = PBXFileReference; lastKnownFileType = file; path = "Rubik-VariableFont_wght.ttf"; sourceTree = "<group>"; };
		9FA8CB9928FCCFBE00502831 /* Rubik-Italic-VariableFont_wght.ttf */ = {isa = PBXFileReference; lastKnownFileType = file; path = "Rubik-Italic-VariableFont_wght.ttf"; sourceTree = "<group>"; };
		9FA8CB9C28FCCFBE00502831 /* Rubik-Bold.ttf */ = {isa = PBXFileReference; lastKnownFileType = file; path = "Rubik-Bold.ttf"; sourceTree = "<group>"; };
		9FA8CBA228FCCFBE00502831 /* Rubik-Italic.ttf */ = {isa = PBXFileReference; lastKnownFileType = file; path = "Rubik-Italic.ttf"; sourceTree = "<group>"; };
		9FA8CBA728FCCFBE00502831 /* Rubik-Regular.ttf */ = {isa = PBXFileReference; lastKnownFileType = file; path = "Rubik-Regular.ttf"; sourceTree = "<group>"; };
		9FE8EF8B28F63E2F00DA0893 /* WordDetailViewController.swift */ = {isa = PBXFileReference; lastKnownFileType = sourcecode.swift; path = WordDetailViewController.swift; sourceTree = "<group>"; };
/* End PBXFileReference section */

/* Begin PBXFrameworksBuildPhase section */
		9F5B07DB28EBE4D900F6ED0F /* Frameworks */ = {
			isa = PBXFrameworksBuildPhase;
			buildActionMask = 2147483647;
			files = (
			);
			runOnlyForDeploymentPostprocessing = 0;
		};
/* End PBXFrameworksBuildPhase section */

/* Begin PBXGroup section */
		9F0BA3F528F94E3300E09DB0 /* Views */ = {
			isa = PBXGroup;
			children = (
				9F0BA3FA28F94E9B00E09DB0 /* Screens */,
			);
			path = Views;
			sourceTree = "<group>";
		};
		9F0BA3F628F94E4300E09DB0 /* Labels */ = {
			isa = PBXGroup;
			children = (
				9F0BA3F328F93D2D00E09DB0 /* WordDetailLabel.swift */,
			);
			path = Labels;
			sourceTree = "<group>";
		};
		9F0BA3F728F94E5200E09DB0 /* Model */ = {
			isa = PBXGroup;
			children = (
				9F0BA3EB28F695C500E09DB0 /* Word.swift */,
			);
			path = Model;
			sourceTree = "<group>";
		};
		9F0BA3F828F94E5C00E09DB0 /* Cells */ = {
			isa = PBXGroup;
			children = (
				9F986C5628EC07310083A6FD /* WordCell.swift */,
			);
			path = Cells;
			sourceTree = "<group>";
		};
		9F0BA3F928F94E7100E09DB0 /* Support */ = {
			isa = PBXGroup;
			children = (
				9F5B07E128EBE4D900F6ED0F /* AppDelegate.swift */,
				9F5B07E328EBE4D900F6ED0F /* SceneDelegate.swift */,
				9F5B07EA28EBE4DA00F6ED0F /* Assets.xcassets */,
				9F5B07EC28EBE4DA00F6ED0F /* LaunchScreen.storyboard */,
			);
			path = Support;
			sourceTree = "<group>";
		};
		9F0BA3FA28F94E9B00E09DB0 /* Screens */ = {
			isa = PBXGroup;
			children = (
				9F5B07E528EBE4D900F6ED0F /* WordViewController.swift */,
				9FE8EF8B28F63E2F00DA0893 /* WordDetailViewController.swift */,
			);
			path = Screens;
			sourceTree = "<group>";
		};
		9F5B07D528EBE4D900F6ED0F = {
			isa = PBXGroup;
			children = (
				9F5B07E028EBE4D900F6ED0F /* Werdd */,
				9F5B07DF28EBE4D900F6ED0F /* Products */,
			);
			sourceTree = "<group>";
		};
		9F5B07DF28EBE4D900F6ED0F /* Products */ = {
			isa = PBXGroup;
			children = (
				9F5B07DE28EBE4D900F6ED0F /* Werdd.app */,
			);
			name = Products;
			sourceTree = "<group>";
		};
		9F5B07E028EBE4D900F6ED0F /* Werdd */ = {
			isa = PBXGroup;
			children = (
				9FA8CBBD28FCCFC700502831 /* Fonts */,
				9FA8CB9228FC9E0000502831 /* Managers */,
				9FA8CB8F28FBBE5B00502831 /* Extensions */,
				9F0BA3F928F94E7100E09DB0 /* Support */,
				9F0BA3F828F94E5C00E09DB0 /* Cells */,
				9F0BA3F728F94E5200E09DB0 /* Model */,
				9F0BA3F628F94E4300E09DB0 /* Labels */,
				9F0BA3F528F94E3300E09DB0 /* Views */,
				9F5B07EF28EBE4DA00F6ED0F /* Info.plist */,
			);
			path = Werdd;
			sourceTree = "<group>";
		};
		9FA8CB8F28FBBE5B00502831 /* Extensions */ = {
			isa = PBXGroup;
			children = (
				9FA8CB9028FBBE6900502831 /* UIView+Ext.swift */,
				9FA8CB9528FCA4C200502831 /* UIViewController+Ext.swift */,
			);
			path = Extensions;
			sourceTree = "<group>";
		};
		9FA8CB9228FC9E0000502831 /* Managers */ = {
			isa = PBXGroup;
			children = (
				9FA8CB9328FC9E0A00502831 /* NetworkManager.swift */,
			);
			path = Managers;
			sourceTree = "<group>";
		};
		9FA8CB9728FCCFBE00502831 /* Rubik */ = {
			isa = PBXGroup;
			children = (
				9FA8CB9828FCCFBE00502831 /* Rubik-VariableFont_wght.ttf */,
				9FA8CB9928FCCFBE00502831 /* Rubik-Italic-VariableFont_wght.ttf */,
				9FA8CB9A28FCCFBE00502831 /* static */,
			);
			path = Rubik;
			sourceTree = "<group>";
		};
		9FA8CB9A28FCCFBE00502831 /* static */ = {
			isa = PBXGroup;
			children = (
				9FA8CB9C28FCCFBE00502831 /* Rubik-Bold.ttf */,
				9FA8CBA228FCCFBE00502831 /* Rubik-Italic.ttf */,
				9FA8CBA728FCCFBE00502831 /* Rubik-Regular.ttf */,
			);
			path = static;
			sourceTree = "<group>";
		};
		9FA8CBBD28FCCFC700502831 /* Fonts */ = {
			isa = PBXGroup;
			children = (
				9FA8CB9728FCCFBE00502831 /* Rubik */,
			);
			path = Fonts;
			sourceTree = "<group>";
		};
/* End PBXGroup section */

/* Begin PBXNativeTarget section */
		9F5B07DD28EBE4D900F6ED0F /* Werdd */ = {
			isa = PBXNativeTarget;
			buildConfigurationList = 9F5B07F228EBE4DA00F6ED0F /* Build configuration list for PBXNativeTarget "Werdd" */;
			buildPhases = (
				9F5B07DA28EBE4D900F6ED0F /* Sources */,
				9F5B07DB28EBE4D900F6ED0F /* Frameworks */,
				9F5B07DC28EBE4D900F6ED0F /* Resources */,
			);
			buildRules = (
			);
			dependencies = (
			);
			name = Werdd;
			productName = Werdd;
			productReference = 9F5B07DE28EBE4D900F6ED0F /* Werdd.app */;
			productType = "com.apple.product-type.application";
		};
/* End PBXNativeTarget section */

/* Begin PBXProject section */
		9F5B07D628EBE4D900F6ED0F /* Project object */ = {
			isa = PBXProject;
			attributes = {
				BuildIndependentTargetsInParallel = 1;
				LastSwiftUpdateCheck = 1400;
				LastUpgradeCheck = 1400;
				TargetAttributes = {
					9F5B07DD28EBE4D900F6ED0F = {
						CreatedOnToolsVersion = 14.0.1;
					};
				};
			};
			buildConfigurationList = 9F5B07D928EBE4D900F6ED0F /* Build configuration list for PBXProject "Werdd" */;
			compatibilityVersion = "Xcode 14.0";
			developmentRegion = en;
			hasScannedForEncodings = 0;
			knownRegions = (
				en,
				Base,
			);
			mainGroup = 9F5B07D528EBE4D900F6ED0F;
			productRefGroup = 9F5B07DF28EBE4D900F6ED0F /* Products */;
			projectDirPath = "";
			projectRoot = "";
			targets = (
				9F5B07DD28EBE4D900F6ED0F /* Werdd */,
			);
		};
/* End PBXProject section */

/* Begin PBXResourcesBuildPhase section */
		9F5B07DC28EBE4D900F6ED0F /* Resources */ = {
			isa = PBXResourcesBuildPhase;
			buildActionMask = 2147483647;
			files = (
				9FA8CBAB28FCCFBE00502831 /* Rubik-VariableFont_wght.ttf in Resources */,
				9FA8CBAE28FCCFBE00502831 /* Rubik-Bold.ttf in Resources */,
				9FA8CBAC28FCCFBE00502831 /* Rubik-Italic-VariableFont_wght.ttf in Resources */,
				9F5B07EE28EBE4DA00F6ED0F /* LaunchScreen.storyboard in Resources */,
				9FA8CBB428FCCFBE00502831 /* Rubik-Italic.ttf in Resources */,
				9F5B07EB28EBE4DA00F6ED0F /* Assets.xcassets in Resources */,
				9FA8CBB928FCCFBE00502831 /* Rubik-Regular.ttf in Resources */,
			);
			runOnlyForDeploymentPostprocessing = 0;
		};
/* End PBXResourcesBuildPhase section */

/* Begin PBXSourcesBuildPhase section */
		9F5B07DA28EBE4D900F6ED0F /* Sources */ = {
			isa = PBXSourcesBuildPhase;
			buildActionMask = 2147483647;
			files = (
				9FA8CB9428FC9E0A00502831 /* NetworkManager.swift in Sources */,
				9FA8CB9128FBBE6900502831 /* UIView+Ext.swift in Sources */,
				9FA8CB9628FCA4C200502831 /* UIViewController+Ext.swift in Sources */,
				9F5B07E628EBE4D900F6ED0F /* WordViewController.swift in Sources */,
				9FE8EF8C28F63E2F00DA0893 /* WordDetailViewController.swift in Sources */,
				9F986C5728EC07310083A6FD /* WordCell.swift in Sources */,
				9F0BA3F428F93D2D00E09DB0 /* WordDetailLabel.swift in Sources */,
				9F5B07E228EBE4D900F6ED0F /* AppDelegate.swift in Sources */,
				9F5B07E428EBE4D900F6ED0F /* SceneDelegate.swift in Sources */,
				9F0BA3EC28F695C500E09DB0 /* Word.swift in Sources */,
			);
			runOnlyForDeploymentPostprocessing = 0;
		};
/* End PBXSourcesBuildPhase section */

/* Begin PBXVariantGroup section */
		9F5B07EC28EBE4DA00F6ED0F /* LaunchScreen.storyboard */ = {
			isa = PBXVariantGroup;
			children = (
				9F5B07ED28EBE4DA00F6ED0F /* Base */,
			);
			name = LaunchScreen.storyboard;
			sourceTree = "<group>";
		};
/* End PBXVariantGroup section */

/* Begin XCBuildConfiguration section */
		9F5B07F028EBE4DA00F6ED0F /* Debug */ = {
			isa = XCBuildConfiguration;
			buildSettings = {
				ALWAYS_SEARCH_USER_PATHS = NO;
				CLANG_ANALYZER_NONNULL = YES;
				CLANG_ANALYZER_NUMBER_OBJECT_CONVERSION = YES_AGGRESSIVE;
				CLANG_CXX_LANGUAGE_STANDARD = "gnu++20";
				CLANG_ENABLE_MODULES = YES;
				CLANG_ENABLE_OBJC_ARC = YES;
				CLANG_ENABLE_OBJC_WEAK = YES;
				CLANG_WARN_BLOCK_CAPTURE_AUTORELEASING = YES;
				CLANG_WARN_BOOL_CONVERSION = YES;
				CLANG_WARN_COMMA = YES;
				CLANG_WARN_CONSTANT_CONVERSION = YES;
				CLANG_WARN_DEPRECATED_OBJC_IMPLEMENTATIONS = YES;
				CLANG_WARN_DIRECT_OBJC_ISA_USAGE = YES_ERROR;
				CLANG_WARN_DOCUMENTATION_COMMENTS = YES;
				CLANG_WARN_EMPTY_BODY = YES;
				CLANG_WARN_ENUM_CONVERSION = YES;
				CLANG_WARN_INFINITE_RECURSION = YES;
				CLANG_WARN_INT_CONVERSION = YES;
				CLANG_WARN_NON_LITERAL_NULL_CONVERSION = YES;
				CLANG_WARN_OBJC_IMPLICIT_RETAIN_SELF = YES;
				CLANG_WARN_OBJC_LITERAL_CONVERSION = YES;
				CLANG_WARN_OBJC_ROOT_CLASS = YES_ERROR;
				CLANG_WARN_QUOTED_INCLUDE_IN_FRAMEWORK_HEADER = YES;
				CLANG_WARN_RANGE_LOOP_ANALYSIS = YES;
				CLANG_WARN_STRICT_PROTOTYPES = YES;
				CLANG_WARN_SUSPICIOUS_MOVE = YES;
				CLANG_WARN_UNGUARDED_AVAILABILITY = YES_AGGRESSIVE;
				CLANG_WARN_UNREACHABLE_CODE = YES;
				CLANG_WARN__DUPLICATE_METHOD_MATCH = YES;
				COPY_PHASE_STRIP = NO;
				DEBUG_INFORMATION_FORMAT = dwarf;
				ENABLE_STRICT_OBJC_MSGSEND = YES;
				ENABLE_TESTABILITY = YES;
				GCC_C_LANGUAGE_STANDARD = gnu11;
				GCC_DYNAMIC_NO_PIC = NO;
				GCC_NO_COMMON_BLOCKS = YES;
				GCC_OPTIMIZATION_LEVEL = 0;
				GCC_PREPROCESSOR_DEFINITIONS = (
					"DEBUG=1",
					"$(inherited)",
				);
				GCC_WARN_64_TO_32_BIT_CONVERSION = YES;
				GCC_WARN_ABOUT_RETURN_TYPE = YES_ERROR;
				GCC_WARN_UNDECLARED_SELECTOR = YES;
				GCC_WARN_UNINITIALIZED_AUTOS = YES_AGGRESSIVE;
				GCC_WARN_UNUSED_FUNCTION = YES;
				GCC_WARN_UNUSED_VARIABLE = YES;
				IPHONEOS_DEPLOYMENT_TARGET = 16.0;
				MTL_ENABLE_DEBUG_INFO = INCLUDE_SOURCE;
				MTL_FAST_MATH = YES;
				ONLY_ACTIVE_ARCH = YES;
				SDKROOT = iphoneos;
				SWIFT_ACTIVE_COMPILATION_CONDITIONS = DEBUG;
				SWIFT_OPTIMIZATION_LEVEL = "-Onone";
			};
			name = Debug;
		};
		9F5B07F128EBE4DA00F6ED0F /* Release */ = {
			isa = XCBuildConfiguration;
			buildSettings = {
				ALWAYS_SEARCH_USER_PATHS = NO;
				CLANG_ANALYZER_NONNULL = YES;
				CLANG_ANALYZER_NUMBER_OBJECT_CONVERSION = YES_AGGRESSIVE;
				CLANG_CXX_LANGUAGE_STANDARD = "gnu++20";
				CLANG_ENABLE_MODULES = YES;
				CLANG_ENABLE_OBJC_ARC = YES;
				CLANG_ENABLE_OBJC_WEAK = YES;
				CLANG_WARN_BLOCK_CAPTURE_AUTORELEASING = YES;
				CLANG_WARN_BOOL_CONVERSION = YES;
				CLANG_WARN_COMMA = YES;
				CLANG_WARN_CONSTANT_CONVERSION = YES;
				CLANG_WARN_DEPRECATED_OBJC_IMPLEMENTATIONS = YES;
				CLANG_WARN_DIRECT_OBJC_ISA_USAGE = YES_ERROR;
				CLANG_WARN_DOCUMENTATION_COMMENTS = YES;
				CLANG_WARN_EMPTY_BODY = YES;
				CLANG_WARN_ENUM_CONVERSION = YES;
				CLANG_WARN_INFINITE_RECURSION = YES;
				CLANG_WARN_INT_CONVERSION = YES;
				CLANG_WARN_NON_LITERAL_NULL_CONVERSION = YES;
				CLANG_WARN_OBJC_IMPLICIT_RETAIN_SELF = YES;
				CLANG_WARN_OBJC_LITERAL_CONVERSION = YES;
				CLANG_WARN_OBJC_ROOT_CLASS = YES_ERROR;
				CLANG_WARN_QUOTED_INCLUDE_IN_FRAMEWORK_HEADER = YES;
				CLANG_WARN_RANGE_LOOP_ANALYSIS = YES;
				CLANG_WARN_STRICT_PROTOTYPES = YES;
				CLANG_WARN_SUSPICIOUS_MOVE = YES;
				CLANG_WARN_UNGUARDED_AVAILABILITY = YES_AGGRESSIVE;
				CLANG_WARN_UNREACHABLE_CODE = YES;
				CLANG_WARN__DUPLICATE_METHOD_MATCH = YES;
				COPY_PHASE_STRIP = NO;
				DEBUG_INFORMATION_FORMAT = "dwarf-with-dsym";
				ENABLE_NS_ASSERTIONS = NO;
				ENABLE_STRICT_OBJC_MSGSEND = YES;
				GCC_C_LANGUAGE_STANDARD = gnu11;
				GCC_NO_COMMON_BLOCKS = YES;
				GCC_WARN_64_TO_32_BIT_CONVERSION = YES;
				GCC_WARN_ABOUT_RETURN_TYPE = YES_ERROR;
				GCC_WARN_UNDECLARED_SELECTOR = YES;
				GCC_WARN_UNINITIALIZED_AUTOS = YES_AGGRESSIVE;
				GCC_WARN_UNUSED_FUNCTION = YES;
				GCC_WARN_UNUSED_VARIABLE = YES;
				IPHONEOS_DEPLOYMENT_TARGET = 16.0;
				MTL_ENABLE_DEBUG_INFO = NO;
				MTL_FAST_MATH = YES;
				SDKROOT = iphoneos;
				SWIFT_COMPILATION_MODE = wholemodule;
				SWIFT_OPTIMIZATION_LEVEL = "-O";
				VALIDATE_PRODUCT = YES;
			};
			name = Release;
		};
		9F5B07F328EBE4DA00F6ED0F /* Debug */ = {
			isa = XCBuildConfiguration;
			buildSettings = {
				ASSETCATALOG_COMPILER_APPICON_NAME = AppIcon;
				ASSETCATALOG_COMPILER_GLOBAL_ACCENT_COLOR_NAME = AccentColor;
				CODE_SIGN_STYLE = Automatic;
				CURRENT_PROJECT_VERSION = 1;
				DEVELOPMENT_TEAM = 4BPQ98Z5QY;
				GENERATE_INFOPLIST_FILE = YES;
				INFOPLIST_FILE = Werdd/Info.plist;
				INFOPLIST_KEY_UIApplicationSupportsIndirectInputEvents = YES;
				INFOPLIST_KEY_UILaunchStoryboardName = LaunchScreen;
				INFOPLIST_KEY_UIStatusBarStyle = "";
				INFOPLIST_KEY_UISupportedInterfaceOrientations = UIInterfaceOrientationPortrait;
				INFOPLIST_KEY_UISupportedInterfaceOrientations_iPad = "UIInterfaceOrientationLandscapeLeft UIInterfaceOrientationLandscapeRight UIInterfaceOrientationPortrait UIInterfaceOrientationPortraitUpsideDown";
				IPHONEOS_DEPLOYMENT_TARGET = 16.0;
				LD_RUNPATH_SEARCH_PATHS = (
					"$(inherited)",
					"@executable_path/Frameworks",
				);
				MARKETING_VERSION = 1.0;
				PRODUCT_BUNDLE_IDENTIFIER = com.markmartin89.Werdd;
				PRODUCT_NAME = "$(TARGET_NAME)";
				SUPPORTED_PLATFORMS = "iphoneos iphonesimulator";
				SUPPORTS_MACCATALYST = NO;
				SUPPORTS_MAC_DESIGNED_FOR_IPHONE_IPAD = NO;
				SWIFT_EMIT_LOC_STRINGS = YES;
				SWIFT_VERSION = 5.0;
				TARGETED_DEVICE_FAMILY = 1;
			};
			name = Debug;
		};
		9F5B07F428EBE4DA00F6ED0F /* Release */ = {
			isa = XCBuildConfiguration;
			buildSettings = {
				ASSETCATALOG_COMPILER_APPICON_NAME = AppIcon;
				ASSETCATALOG_COMPILER_GLOBAL_ACCENT_COLOR_NAME = AccentColor;
				CODE_SIGN_STYLE = Automatic;
				CURRENT_PROJECT_VERSION = 1;
				DEVELOPMENT_TEAM = 4BPQ98Z5QY;
				GENERATE_INFOPLIST_FILE = YES;
				INFOPLIST_FILE = Werdd/Info.plist;
				INFOPLIST_KEY_UIApplicationSupportsIndirectInputEvents = YES;
				INFOPLIST_KEY_UILaunchStoryboardName = LaunchScreen;
				INFOPLIST_KEY_UIStatusBarStyle = "";
				INFOPLIST_KEY_UISupportedInterfaceOrientations = UIInterfaceOrientationPortrait;
				INFOPLIST_KEY_UISupportedInterfaceOrientations_iPad = "UIInterfaceOrientationLandscapeLeft UIInterfaceOrientationLandscapeRight UIInterfaceOrientationPortrait UIInterfaceOrientationPortraitUpsideDown";
				IPHONEOS_DEPLOYMENT_TARGET = 16.0;
				LD_RUNPATH_SEARCH_PATHS = (
					"$(inherited)",
					"@executable_path/Frameworks",
				);
				MARKETING_VERSION = 1.0;
				PRODUCT_BUNDLE_IDENTIFIER = com.markmartin89.Werdd;
				PRODUCT_NAME = "$(TARGET_NAME)";
				SUPPORTED_PLATFORMS = "iphoneos iphonesimulator";
				SUPPORTS_MACCATALYST = NO;
				SUPPORTS_MAC_DESIGNED_FOR_IPHONE_IPAD = NO;
				SWIFT_EMIT_LOC_STRINGS = YES;
				SWIFT_VERSION = 5.0;
				TARGETED_DEVICE_FAMILY = 1;
			};
			name = Release;
		};
/* End XCBuildConfiguration section */

/* Begin XCConfigurationList section */
		9F5B07D928EBE4D900F6ED0F /* Build configuration list for PBXProject "Werdd" */ = {
			isa = XCConfigurationList;
			buildConfigurations = (
				9F5B07F028EBE4DA00F6ED0F /* Debug */,
				9F5B07F128EBE4DA00F6ED0F /* Release */,
			);
			defaultConfigurationIsVisible = 0;
			defaultConfigurationName = Release;
		};
		9F5B07F228EBE4DA00F6ED0F /* Build configuration list for PBXNativeTarget "Werdd" */ = {
			isa = XCConfigurationList;
			buildConfigurations = (
				9F5B07F328EBE4DA00F6ED0F /* Debug */,
				9F5B07F428EBE4DA00F6ED0F /* Release */,
			);
			defaultConfigurationIsVisible = 0;
			defaultConfigurationName = Release;
		};
/* End XCConfigurationList section */
	};
	rootObject = 9F5B07D628EBE4D900F6ED0F /* Project object */;
}
